
Microsoft Visual Studio Solution File, Format Version 12.00
# Visual Studio Version 17
VisualStudioVersion = 17.4.33122.133
MinimumVisualStudioVersion = 10.0.40219.1
Project("{FAE04EC0-301F-11D3-BF4B-00C04F79EFBC}") = "WinFormsApp1", "WinFormsApp1\WinFormsApp1.csproj", "{238C4FE0-DDDA-4DD4-8351-0F5408855440}"
EndProject
Global
	GlobalSection(SolutionConfigurationPlatforms) = preSolution
		Debug|Any CPU = Debug|Any CPU
		Release|Any CPU = Release|Any CPU
	EndGlobalSection
	GlobalSection(ProjectConfigurationPlatforms) = postSolution
		{238C4FE0-DDDA-4DD4-8351-0F5408855440}.Debug|Any CPU.ActiveCfg = Debug|Any CPU
		{238C4FE0-DDDA-4DD4-8351-0F5408855440}.Debug|Any CPU.Build.0 = Debug|Any CPU
		{238C4FE0-DDDA-4DD4-8351-0F5408855440}.Release|Any CPU.ActiveCfg = Release|Any CPU
		{238C4FE0-DDDA-4DD4-8351-0F5408855440}.Release|Any CPU.Build.0 = Release|Any CPU
	EndGlobalSection
	GlobalSection(SolutionProperties) = preSolution
		HideSolutionNode = FALSE
	EndGlobalSection
	GlobalSection(ExtensibilityGlobals) = postSolution
		SolutionGuid = {6AB015C0-CBC6-4ACD-A661-146FEEF350C2}
	EndGlobalSection
EndGlobal
